schema: '2.0'
stages:
  prepare:
    cmd: uv run python -m ml_skyline.prepare
    deps:
    - path: data/raw/train.csv
      hash: md5
      md5: 389295aed9eef8ce1408a8f9dd539478
      size: 14873565
    - path: src/ml_skyline/common.py
      hash: md5
      md5: e2c0a76b466d1095a6218ffc37981bed
      size: 1999
    - path: src/ml_skyline/prepare.py
      hash: md5
      md5: 67b1328f3d664de0be7f865087325b50
      size: 4393
    params:
      params.yaml:
        data:
          raw_train: data/raw/train.csv
          raw_test: data/raw/test.csv
          processed_dir: data/processed
          target: satisfaction
        seed: 42
        split:
          test_size: 0.2
    outs:
    - path: data/processed/test.csv
      hash: md5
      md5: d9c692bc6c80ebce142311a5d9a73a37
      size: 1856801
    - path: data/processed/train.csv
      hash: md5
      md5: 384e5cea53b9cce93fc952d4a9fcb74e
      size: 7427376
  train:
    cmd: uv run python -m ml_skyline.train
    deps:
    - path: data/processed/train.csv
      hash: md5
      md5: 384e5cea53b9cce93fc952d4a9fcb74e
      size: 7427376
    - path: src/ml_skyline/common.py
      hash: md5
      md5: e2c0a76b466d1095a6218ffc37981bed
      size: 1999
    - path: src/ml_skyline/pipeline.py
      hash: md5
      md5: 79e2ccb768993306ee3aa519ce4eeda7
      size: 3813
    - path: src/ml_skyline/train.py
      hash: md5
      md5: 5f53df6f4348cdb4bd4ed582aad1e5a8
      size: 1491
    params:
      params.yaml:
        data:
          raw_train: data/raw/train.csv
          raw_test: data/raw/test.csv
          processed_dir: data/processed
          target: satisfaction
        paths:
          model: models/model.pkl
          metrics: metrics.json
        seed: 42
        train:
          model: random_forest
          n_estimators: 100
          max_depth: 24
          n_jobs: 1
    outs:
    - path: models/model.pkl
      hash: md5
      md5: 9a6616313d277771d2ace2515634618f
      size: 63825547
  evaluate:
    cmd: uv run python -m ml_skyline.evaluate
    deps:
    - path: data/processed/test.csv
      hash: md5
      md5: d9c692bc6c80ebce142311a5d9a73a37
      size: 1856801
    - path: models/model.pkl
      hash: md5
      md5: 9a6616313d277771d2ace2515634618f
      size: 63825547
    - path: src/ml_skyline/common.py
      hash: md5
      md5: e2c0a76b466d1095a6218ffc37981bed
      size: 1999
    - path: src/ml_skyline/evaluate.py
      hash: md5
      md5: c71ca764693e98d1ddf7d04dd5140c94
      size: 3201
    params:
      params.yaml:
        data:
          raw_train: data/raw/train.csv
          raw_test: data/raw/test.csv
          processed_dir: data/processed
          target: satisfaction
        paths:
          model: models/model.pkl
          metrics: metrics.json
        seed: 42
        train:
          model: random_forest
          n_estimators: 100
          max_depth: 24
          n_jobs: 1
    outs:
    - path: metrics.json
      hash: md5
      md5: a3ba2b57470fe7d7d6a1e8e4d46e49d1
      size: 514
